
Microsoft Visual Studio Solution File, Format Version 12.00
# Visual Studio Version 17
VisualStudioVersion = 17.5.33530.505
MinimumVisualStudioVersion = 10.0.40219.1
Project("{9A19103F-16F7-4668-BE54-9A1E7A4F7556}") = "operators5may", "operators\operators5may.csproj", "{425A704D-D1AF-4E0F-BFB6-48CFEB015491}"
EndProject
Project("{9A19103F-16F7-4668-BE54-9A1E7A4F7556}") = "7may", "7may\7may.csproj", "{712DE13A-256E-48C1-8872-53A4B27E77A8}"
EndProject
Project("{9A19103F-16F7-4668-BE54-9A1E7A4F7556}") = "8mayassignmentp1", "7mayassignment\8mayassignmentp1.csproj", "{D6047455-FC00-4041-86F2-7B39DBABF14F}"
EndProject
Project("{9A19103F-16F7-4668-BE54-9A1E7A4F7556}") = "8mayassignmentp2", "7mayassignmentp2\8mayassignmentp2.csproj", "{D300923D-AF21-4B53-8DC8-B0B34A746038}"
EndProject
Project("{9A19103F-16F7-4668-BE54-9A1E7A4F7556}") = "8maylec", "8maylec\8maylec.csproj", "{F4FD1A32-7C00-42AB-9F08-8180241148FF}"
EndProject
Project("{9A19103F-16F7-4668-BE54-9A1E7A4F7556}") = "9may", "9may\9may.csproj", "{C7171AF7-DE84-45FD-978A-2E0F74DC194F}"
EndProject
Project("{9A19103F-16F7-4668-BE54-9A1E7A4F7556}") = "prime no complete logic", "prime no complete logic\prime no complete logic.csproj", "{5DB6CAEC-AC81-4A06-8AF6-DE6B88CBBE00}"
EndProject
Project("{9A19103F-16F7-4668-BE54-9A1E7A4F7556}") = "11 may lec", "11 may lec\11 may lec.csproj", "{8406CF70-5319-40A5-8D15-FA4216E88AE7}"
EndProject
Project("{9A19103F-16F7-4668-BE54-9A1E7A4F7556}") = "ConsoleApp1", "ConsoleApp1\ConsoleApp1.csproj", "{7388B5C7-8849-404D-A883-6857DB3FD08A}"
EndProject
Project("{9A19103F-16F7-4668-BE54-9A1E7A4F7556}") = "12 may", "12 may\12 may.csproj", "{260C77CE-064B-4C85-8FB2-3C5DB6F28699}"
EndProject
Project("{9A19103F-16F7-4668-BE54-9A1E7A4F7556}") = "12 may lec", "12 may lec\12 may lec.csproj", "{B9ADFA69-9F11-4FA4-8482-DB2A976555A3}"
EndProject
Project("{FAE04EC0-301F-11D3-BF4B-00C04F79EFBC}") = "16 may", "16 may\16 may.csproj", "{BA8CC6E3-AF83-4E60-ACE7-08C5859FC029}"
EndProject
Project("{FAE04EC0-301F-11D3-BF4B-00C04F79EFBC}") = "16 may lec", "16 may lec\16 may lec.csproj", "{3BE5C04F-43EF-42C3-8C1F-7F6548FAD2E8}"
EndProject
Global
	GlobalSection(SolutionConfigurationPlatforms) = preSolution
		Debug|Any CPU = Debug|Any CPU
		Release|Any CPU = Release|Any CPU
	EndGlobalSection
	GlobalSection(ProjectConfigurationPlatforms) = postSolution
		{425A704D-D1AF-4E0F-BFB6-48CFEB015491}.Debug|Any CPU.ActiveCfg = Debug|Any CPU
		{425A704D-D1AF-4E0F-BFB6-48CFEB015491}.Debug|Any CPU.Build.0 = Debug|Any CPU
		{425A704D-D1AF-4E0F-BFB6-48CFEB015491}.Release|Any CPU.ActiveCfg = Release|Any CPU
		{425A704D-D1AF-4E0F-BFB6-48CFEB015491}.Release|Any CPU.Build.0 = Release|Any CPU
		{712DE13A-256E-48C1-8872-53A4B27E77A8}.Debug|Any CPU.ActiveCfg = Debug|Any CPU
		{712DE13A-256E-48C1-8872-53A4B27E77A8}.Debug|Any CPU.Build.0 = Debug|Any CPU
		{712DE13A-256E-48C1-8872-53A4B27E77A8}.Release|Any CPU.ActiveCfg = Release|Any CPU
		{712DE13A-256E-48C1-8872-53A4B27E77A8}.Release|Any CPU.Build.0 = Release|Any CPU
		{D6047455-FC00-4041-86F2-7B39DBABF14F}.Debug|Any CPU.ActiveCfg = Debug|Any CPU
		{D6047455-FC00-4041-86F2-7B39DBABF14F}.Debug|Any CPU.Build.0 = Debug|Any CPU
		{D6047455-FC00-4041-86F2-7B39DBABF14F}.Release|Any CPU.ActiveCfg = Release|Any CPU
		{D6047455-FC00-4041-86F2-7B39DBABF14F}.Release|Any CPU.Build.0 = Release|Any CPU
		{D300923D-AF21-4B53-8DC8-B0B34A746038}.Debug|Any CPU.ActiveCfg = Debug|Any CPU
		{D300923D-AF21-4B53-8DC8-B0B34A746038}.Debug|Any CPU.Build.0 = Debug|Any CPU
		{D300923D-AF21-4B53-8DC8-B0B34A746038}.Release|Any CPU.ActiveCfg = Release|Any CPU
		{D300923D-AF21-4B53-8DC8-B0B34A746038}.Release|Any CPU.Build.0 = Release|Any CPU
		{F4FD1A32-7C00-42AB-9F08-8180241148FF}.Debug|Any CPU.ActiveCfg = Debug|Any CPU
		{F4FD1A32-7C00-42AB-9F08-8180241148FF}.Debug|Any CPU.Build.0 = Debug|Any CPU
		{F4FD1A32-7C00-42AB-9F08-8180241148FF}.Release|Any CPU.ActiveCfg = Release|Any CPU
		{F4FD1A32-7C00-42AB-9F08-8180241148FF}.Release|Any CPU.Build.0 = Release|Any CPU
		{C7171AF7-DE84-45FD-978A-2E0F74DC194F}.Debug|Any CPU.ActiveCfg = Debug|Any CPU
		{C7171AF7-DE84-45FD-978A-2E0F74DC194F}.Debug|Any CPU.Build.0 = Debug|Any CPU
		{C7171AF7-DE84-45FD-978A-2E0F74DC194F}.Release|Any CPU.ActiveCfg = Release|Any CPU
		{C7171AF7-DE84-45FD-978A-2E0F74DC194F}.Release|Any CPU.Build.0 = Release|Any CPU
		{5DB6CAEC-AC81-4A06-8AF6-DE6B88CBBE00}.Debug|Any CPU.ActiveCfg = Debug|Any CPU
		{5DB6CAEC-AC81-4A06-8AF6-DE6B88CBBE00}.Debug|Any CPU.Build.0 = Debug|Any CPU
		{5DB6CAEC-AC81-4A06-8AF6-DE6B88CBBE00}.Release|Any CPU.ActiveCfg = Release|Any CPU
		{5DB6CAEC-AC81-4A06-8AF6-DE6B88CBBE00}.Release|Any CPU.Build.0 = Release|Any CPU
		{8406CF70-5319-40A5-8D15-FA4216E88AE7}.Debug|Any CPU.ActiveCfg = Debug|Any CPU
		{8406CF70-5319-40A5-8D15-FA4216E88AE7}.Debug|Any CPU.Build.0 = Debug|Any CPU
		{8406CF70-5319-40A5-8D15-FA4216E88AE7}.Release|Any CPU.ActiveCfg = Release|Any CPU
		{8406CF70-5319-40A5-8D15-FA4216E88AE7}.Release|Any CPU.Build.0 = Release|Any CPU
		{7388B5C7-8849-404D-A883-6857DB3FD08A}.Debug|Any CPU.ActiveCfg = Debug|Any CPU
		{7388B5C7-8849-404D-A883-6857DB3FD08A}.Debug|Any CPU.Build.0 = Debug|Any CPU
		{7388B5C7-8849-404D-A883-6857DB3FD08A}.Release|Any CPU.ActiveCfg = Release|Any CPU
		{7388B5C7-8849-404D-A883-6857DB3FD08A}.Release|Any CPU.Build.0 = Release|Any CPU
		{260C77CE-064B-4C85-8FB2-3C5DB6F28699}.Debug|Any CPU.ActiveCfg = Debug|Any CPU
		{260C77CE-064B-4C85-8FB2-3C5DB6F28699}.Debug|Any CPU.Build.0 = Debug|Any CPU
		{260C77CE-064B-4C85-8FB2-3C5DB6F28699}.Release|Any CPU.ActiveCfg = Release|Any CPU
		{260C77CE-064B-4C85-8FB2-3C5DB6F28699}.Release|Any CPU.Build.0 = Release|Any CPU
		{B9ADFA69-9F11-4FA4-8482-DB2A976555A3}.Debug|Any CPU.ActiveCfg = Debug|Any CPU
		{B9ADFA69-9F11-4FA4-8482-DB2A976555A3}.Debug|Any CPU.Build.0 = Debug|Any CPU
		{B9ADFA69-9F11-4FA4-8482-DB2A976555A3}.Release|Any CPU.ActiveCfg = Release|Any CPU
		{B9ADFA69-9F11-4FA4-8482-DB2A976555A3}.Release|Any CPU.Build.0 = Release|Any CPU
		{BA8CC6E3-AF83-4E60-ACE7-08C5859FC029}.Debug|Any CPU.ActiveCfg = Debug|Any CPU
		{BA8CC6E3-AF83-4E60-ACE7-08C5859FC029}.Debug|Any CPU.Build.0 = Debug|Any CPU
		{BA8CC6E3-AF83-4E60-ACE7-08C5859FC029}.Release|Any CPU.ActiveCfg = Release|Any CPU
		{BA8CC6E3-AF83-4E60-ACE7-08C5859FC029}.Release|Any CPU.Build.0 = Release|Any CPU
		{3BE5C04F-43EF-42C3-8C1F-7F6548FAD2E8}.Debug|Any CPU.ActiveCfg = Debug|Any CPU
		{3BE5C04F-43EF-42C3-8C1F-7F6548FAD2E8}.Debug|Any CPU.Build.0 = Debug|Any CPU
		{3BE5C04F-43EF-42C3-8C1F-7F6548FAD2E8}.Release|Any CPU.ActiveCfg = Release|Any CPU
		{3BE5C04F-43EF-42C3-8C1F-7F6548FAD2E8}.Release|Any CPU.Build.0 = Release|Any CPU
	EndGlobalSection
	GlobalSection(SolutionProperties) = preSolution
		HideSolutionNode = FALSE
	EndGlobalSection
	GlobalSection(ExtensibilityGlobals) = postSolution
		SolutionGuid = {341EB798-2DCD-4130-B526-6C1258CD0AB6}
	EndGlobalSection
EndGlobal
