
Microsoft Visual Studio Solution File, Format Version 12.00
# Visual Studio Version 17
VisualStudioVersion = 17.5.33530.505
MinimumVisualStudioVersion = 10.0.40219.1
Project("{9A19103F-16F7-4668-BE54-9A1E7A4F7556}") = "operators5may", "operators\operators5may.csproj", "{425A704D-D1AF-4E0F-BFB6-48CFEB015491}"
EndProject
Project("{9A19103F-16F7-4668-BE54-9A1E7A4F7556}") = "7may", "7may\7may.csproj", "{712DE13A-256E-48C1-8872-53A4B27E77A8}"
EndProject
Project("{FAE04EC0-301F-11D3-BF4B-00C04F79EFBC}") = "8mayassignmentp1", "7mayassignment\8mayassignmentp1.csproj", "{D6047455-FC00-4041-86F2-7B39DBABF14F}"
EndProject
Project("{FAE04EC0-301F-11D3-BF4B-00C04F79EFBC}") = "8mayassignmentp2", "7mayassignmentp2\8mayassignmentp2.csproj", "{D300923D-AF21-4B53-8DC8-B0B34A746038}"
EndProject
Project("{FAE04EC0-301F-11D3-BF4B-00C04F79EFBC}") = "8maylec", "8maylec\8maylec.csproj", "{F4FD1A32-7C00-42AB-9F08-8180241148FF}"
EndProject
Global
	GlobalSection(SolutionConfigurationPlatforms) = preSolution
		Debug|Any CPU = Debug|Any CPU
		Release|Any CPU = Release|Any CPU
	EndGlobalSection
	GlobalSection(ProjectConfigurationPlatforms) = postSolution
		{425A704D-D1AF-4E0F-BFB6-48CFEB015491}.Debug|Any CPU.ActiveCfg = Debug|Any CPU
		{425A704D-D1AF-4E0F-BFB6-48CFEB015491}.Debug|Any CPU.Build.0 = Debug|Any CPU
		{425A704D-D1AF-4E0F-BFB6-48CFEB015491}.Release|Any CPU.ActiveCfg = Release|Any CPU
		{425A704D-D1AF-4E0F-BFB6-48CFEB015491}.Release|Any CPU.Build.0 = Release|Any CPU
		{712DE13A-256E-48C1-8872-53A4B27E77A8}.Debug|Any CPU.ActiveCfg = Debug|Any CPU
		{712DE13A-256E-48C1-8872-53A4B27E77A8}.Debug|Any CPU.Build.0 = Debug|Any CPU
		{712DE13A-256E-48C1-8872-53A4B27E77A8}.Release|Any CPU.ActiveCfg = Release|Any CPU
		{712DE13A-256E-48C1-8872-53A4B27E77A8}.Release|Any CPU.Build.0 = Release|Any CPU
		{D6047455-FC00-4041-86F2-7B39DBABF14F}.Debug|Any CPU.ActiveCfg = Debug|Any CPU
		{D6047455-FC00-4041-86F2-7B39DBABF14F}.Debug|Any CPU.Build.0 = Debug|Any CPU
		{D6047455-FC00-4041-86F2-7B39DBABF14F}.Release|Any CPU.ActiveCfg = Release|Any CPU
		{D6047455-FC00-4041-86F2-7B39DBABF14F}.Release|Any CPU.Build.0 = Release|Any CPU
		{D300923D-AF21-4B53-8DC8-B0B34A746038}.Debug|Any CPU.ActiveCfg = Debug|Any CPU
		{D300923D-AF21-4B53-8DC8-B0B34A746038}.Debug|Any CPU.Build.0 = Debug|Any CPU
		{D300923D-AF21-4B53-8DC8-B0B34A746038}.Release|Any CPU.ActiveCfg = Release|Any CPU
		{D300923D-AF21-4B53-8DC8-B0B34A746038}.Release|Any CPU.Build.0 = Release|Any CPU
		{F4FD1A32-7C00-42AB-9F08-8180241148FF}.Debug|Any CPU.ActiveCfg = Debug|Any CPU
		{F4FD1A32-7C00-42AB-9F08-8180241148FF}.Debug|Any CPU.Build.0 = Debug|Any CPU
		{F4FD1A32-7C00-42AB-9F08-8180241148FF}.Release|Any CPU.ActiveCfg = Release|Any CPU
		{F4FD1A32-7C00-42AB-9F08-8180241148FF}.Release|Any CPU.Build.0 = Release|Any CPU
	EndGlobalSection
	GlobalSection(SolutionProperties) = preSolution
		HideSolutionNode = FALSE
	EndGlobalSection
	GlobalSection(ExtensibilityGlobals) = postSolution
		SolutionGuid = {341EB798-2DCD-4130-B526-6C1258CD0AB6}
	EndGlobalSection
EndGlobal
